
Microsoft Visual Studio Solution File, Format Version 12.00
# Visual Studio Version 17
VisualStudioVersion = 17.5.33502.453
MinimumVisualStudioVersion = 10.0.40219.1
Project("{9A19103F-16F7-4668-BE54-9A1E7A4F7556}") = "ApplicationLayer", "src\ApplicationLayer\ApplicationLayer.csproj", "{0A7E1041-951A-46F8-8034-A2B4AA01FD7F}"
EndProject
Project("{9A19103F-16F7-4668-BE54-9A1E7A4F7556}") = "InfrastructureLayer", "src\InfrastructureLayer\InfrastructureLayer.csproj", "{B8EC5E0A-8541-490A-A352-A2957D013B05}"
EndProject
Project("{9A19103F-16F7-4668-BE54-9A1E7A4F7556}") = "ASPNETCoreWebApiTemplate", "src\ASPNETCoreWebApiTemplate\ASPNETCoreWebApiTemplate.csproj", "{B9E18910-1B39-4C9E-B613-ECFC6A63E373}"
EndProject
Global
	GlobalSection(SolutionConfigurationPlatforms) = preSolution
		Debug|Any CPU = Debug|Any CPU
		Release|Any CPU = Release|Any CPU
	EndGlobalSection
	GlobalSection(ProjectConfigurationPlatforms) = postSolution
		{0A7E1041-951A-46F8-8034-A2B4AA01FD7F}.Debug|Any CPU.ActiveCfg = Debug|Any CPU
		{0A7E1041-951A-46F8-8034-A2B4AA01FD7F}.Debug|Any CPU.Build.0 = Debug|Any CPU
		{0A7E1041-951A-46F8-8034-A2B4AA01FD7F}.Release|Any CPU.ActiveCfg = Release|Any CPU
		{0A7E1041-951A-46F8-8034-A2B4AA01FD7F}.Release|Any CPU.Build.0 = Release|Any CPU
		{B8EC5E0A-8541-490A-A352-A2957D013B05}.Debug|Any CPU.ActiveCfg = Debug|Any CPU
		{B8EC5E0A-8541-490A-A352-A2957D013B05}.Debug|Any CPU.Build.0 = Debug|Any CPU
		{B8EC5E0A-8541-490A-A352-A2957D013B05}.Release|Any CPU.ActiveCfg = Release|Any CPU
		{B8EC5E0A-8541-490A-A352-A2957D013B05}.Release|Any CPU.Build.0 = Release|Any CPU
		{B9E18910-1B39-4C9E-B613-ECFC6A63E373}.Debug|Any CPU.ActiveCfg = Debug|Any CPU
		{B9E18910-1B39-4C9E-B613-ECFC6A63E373}.Debug|Any CPU.Build.0 = Debug|Any CPU
		{B9E18910-1B39-4C9E-B613-ECFC6A63E373}.Release|Any CPU.ActiveCfg = Release|Any CPU
		{B9E18910-1B39-4C9E-B613-ECFC6A63E373}.Release|Any CPU.Build.0 = Release|Any CPU
	EndGlobalSection
	GlobalSection(SolutionProperties) = preSolution
		HideSolutionNode = FALSE
	EndGlobalSection
	GlobalSection(ExtensibilityGlobals) = postSolution
		SolutionGuid = {DD380260-3FCD-4EC6-8F17-D950CCD6EE37}
	EndGlobalSection
EndGlobal
